
Microsoft Visual Studio Solution File, Format Version 12.00
# Visual Studio 15
VisualStudioVersion = 15.0.26124.0
MinimumVisualStudioVersion = 15.0.26124.0
Project("{9A19103F-16F7-4668-BE54-9A1E7A4F7556}") = "web", "web\web.csproj", "{9180D8C5-8864-48C7-B872-527B5DDF0ADA}"
EndProject
Project("{FAE04EC0-301F-11D3-BF4B-00C04F79EFBC}") = "util", "util\util.csproj", "{0E1444AD-F0CD-44A3-911B-97DF245FFDDE}"
EndProject
Project("{9A19103F-16F7-4668-BE54-9A1E7A4F7556}") = "tests", "tests\tests.csproj", "{22B2752C-5E9D-465A-B2DA-9E52C332A6F5}"
EndProject
Global
	GlobalSection(SolutionConfigurationPlatforms) = preSolution
		Debug|Any CPU = Debug|Any CPU
		Debug|x64 = Debug|x64
		Debug|x86 = Debug|x86
		Release|Any CPU = Release|Any CPU
		Release|x64 = Release|x64
		Release|x86 = Release|x86
	EndGlobalSection
	GlobalSection(ProjectConfigurationPlatforms) = postSolution
		{9180D8C5-8864-48C7-B872-527B5DDF0ADA}.Debug|Any CPU.ActiveCfg = Debug|Any CPU
		{9180D8C5-8864-48C7-B872-527B5DDF0ADA}.Debug|Any CPU.Build.0 = Debug|Any CPU
		{9180D8C5-8864-48C7-B872-527B5DDF0ADA}.Debug|x64.ActiveCfg = Debug|Any CPU
		{9180D8C5-8864-48C7-B872-527B5DDF0ADA}.Debug|x64.Build.0 = Debug|Any CPU
		{9180D8C5-8864-48C7-B872-527B5DDF0ADA}.Debug|x86.ActiveCfg = Debug|Any CPU
		{9180D8C5-8864-48C7-B872-527B5DDF0ADA}.Debug|x86.Build.0 = Debug|Any CPU
		{9180D8C5-8864-48C7-B872-527B5DDF0ADA}.Release|Any CPU.ActiveCfg = Release|Any CPU
		{9180D8C5-8864-48C7-B872-527B5DDF0ADA}.Release|Any CPU.Build.0 = Release|Any CPU
		{9180D8C5-8864-48C7-B872-527B5DDF0ADA}.Release|x64.ActiveCfg = Release|Any CPU
		{9180D8C5-8864-48C7-B872-527B5DDF0ADA}.Release|x64.Build.0 = Release|Any CPU
		{9180D8C5-8864-48C7-B872-527B5DDF0ADA}.Release|x86.ActiveCfg = Release|Any CPU
		{9180D8C5-8864-48C7-B872-527B5DDF0ADA}.Release|x86.Build.0 = Release|Any CPU
		{0E1444AD-F0CD-44A3-911B-97DF245FFDDE}.Debug|Any CPU.ActiveCfg = Debug|Any CPU
		{0E1444AD-F0CD-44A3-911B-97DF245FFDDE}.Debug|Any CPU.Build.0 = Debug|Any CPU
		{0E1444AD-F0CD-44A3-911B-97DF245FFDDE}.Debug|x64.ActiveCfg = Debug|Any CPU
		{0E1444AD-F0CD-44A3-911B-97DF245FFDDE}.Debug|x64.Build.0 = Debug|Any CPU
		{0E1444AD-F0CD-44A3-911B-97DF245FFDDE}.Debug|x86.ActiveCfg = Debug|Any CPU
		{0E1444AD-F0CD-44A3-911B-97DF245FFDDE}.Debug|x86.Build.0 = Debug|Any CPU
		{0E1444AD-F0CD-44A3-911B-97DF245FFDDE}.Release|Any CPU.ActiveCfg = Release|Any CPU
		{0E1444AD-F0CD-44A3-911B-97DF245FFDDE}.Release|Any CPU.Build.0 = Release|Any CPU
		{0E1444AD-F0CD-44A3-911B-97DF245FFDDE}.Release|x64.ActiveCfg = Release|Any CPU
		{0E1444AD-F0CD-44A3-911B-97DF245FFDDE}.Release|x64.Build.0 = Release|Any CPU
		{0E1444AD-F0CD-44A3-911B-97DF245FFDDE}.Release|x86.ActiveCfg = Release|Any CPU
		{0E1444AD-F0CD-44A3-911B-97DF245FFDDE}.Release|x86.Build.0 = Release|Any CPU
		{22B2752C-5E9D-465A-B2DA-9E52C332A6F5}.Debug|Any CPU.ActiveCfg = Debug|Any CPU
		{22B2752C-5E9D-465A-B2DA-9E52C332A6F5}.Debug|Any CPU.Build.0 = Debug|Any CPU
		{22B2752C-5E9D-465A-B2DA-9E52C332A6F5}.Debug|x64.ActiveCfg = Debug|Any CPU
		{22B2752C-5E9D-465A-B2DA-9E52C332A6F5}.Debug|x64.Build.0 = Debug|Any CPU
		{22B2752C-5E9D-465A-B2DA-9E52C332A6F5}.Debug|x86.ActiveCfg = Debug|Any CPU
		{22B2752C-5E9D-465A-B2DA-9E52C332A6F5}.Debug|x86.Build.0 = Debug|Any CPU
		{22B2752C-5E9D-465A-B2DA-9E52C332A6F5}.Release|Any CPU.ActiveCfg = Release|Any CPU
		{22B2752C-5E9D-465A-B2DA-9E52C332A6F5}.Release|Any CPU.Build.0 = Release|Any CPU
		{22B2752C-5E9D-465A-B2DA-9E52C332A6F5}.Release|x64.ActiveCfg = Release|Any CPU
		{22B2752C-5E9D-465A-B2DA-9E52C332A6F5}.Release|x64.Build.0 = Release|Any CPU
		{22B2752C-5E9D-465A-B2DA-9E52C332A6F5}.Release|x86.ActiveCfg = Release|Any CPU
		{22B2752C-5E9D-465A-B2DA-9E52C332A6F5}.Release|x86.Build.0 = Release|Any CPU
	EndGlobalSection
	GlobalSection(SolutionProperties) = preSolution
		HideSolutionNode = FALSE
	EndGlobalSection
	GlobalSection(ExtensibilityGlobals) = postSolution
		SolutionGuid = {E2881305-2E18-45FF-A59E-2F1490C29B85}
	EndGlobalSection
EndGlobal
